
Microsoft Visual Studio Solution File, Format Version 12.00
# Visual Studio 15
VisualStudioVersion = 15.0.28010.2036
MinimumVisualStudioVersion = 10.0.40219.1
Project("{9A19103F-16F7-4668-BE54-9A1E7A4F7556}") = "BlazorServer.Server", "BlazorServer.Server\BlazorServer.Server.csproj", "{832CF1CC-34A8-4504-8A27-0ABBF5FB1861}"
EndProject
Project("{9A19103F-16F7-4668-BE54-9A1E7A4F7556}") = "BlazorServer.App", "BlazorServer.App\BlazorServer.App.csproj", "{7686F78A-BCDA-471F-85B3-FEE89237E49D}"
EndProject
Project("{FAE04EC0-301F-11D3-BF4B-00C04F79EFBC}") = "BlazorServer.Tests", "BlazorServer.Tests\BlazorServer.Tests.csproj", "{5F2C7052-606F-404C-A049-610A4C001120}"
EndProject
Global
	GlobalSection(SolutionConfigurationPlatforms) = preSolution
		Debug|Any CPU = Debug|Any CPU
		Release|Any CPU = Release|Any CPU
	EndGlobalSection
	GlobalSection(ProjectConfigurationPlatforms) = postSolution
		{832CF1CC-34A8-4504-8A27-0ABBF5FB1861}.Debug|Any CPU.ActiveCfg = Debug|Any CPU
		{832CF1CC-34A8-4504-8A27-0ABBF5FB1861}.Debug|Any CPU.Build.0 = Debug|Any CPU
		{832CF1CC-34A8-4504-8A27-0ABBF5FB1861}.Release|Any CPU.ActiveCfg = Release|Any CPU
		{832CF1CC-34A8-4504-8A27-0ABBF5FB1861}.Release|Any CPU.Build.0 = Release|Any CPU
		{7686F78A-BCDA-471F-85B3-FEE89237E49D}.Debug|Any CPU.ActiveCfg = Debug|Any CPU
		{7686F78A-BCDA-471F-85B3-FEE89237E49D}.Debug|Any CPU.Build.0 = Debug|Any CPU
		{7686F78A-BCDA-471F-85B3-FEE89237E49D}.Release|Any CPU.ActiveCfg = Release|Any CPU
		{7686F78A-BCDA-471F-85B3-FEE89237E49D}.Release|Any CPU.Build.0 = Release|Any CPU
		{5F2C7052-606F-404C-A049-610A4C001120}.Debug|Any CPU.ActiveCfg = Debug|Any CPU
		{5F2C7052-606F-404C-A049-610A4C001120}.Debug|Any CPU.Build.0 = Debug|Any CPU
		{5F2C7052-606F-404C-A049-610A4C001120}.Release|Any CPU.ActiveCfg = Release|Any CPU
		{5F2C7052-606F-404C-A049-610A4C001120}.Release|Any CPU.Build.0 = Release|Any CPU
	EndGlobalSection
	GlobalSection(SolutionProperties) = preSolution
		HideSolutionNode = FALSE
	EndGlobalSection
	GlobalSection(ExtensibilityGlobals) = postSolution
		SolutionGuid = {13B6A5B5-2110-49D4-BDCA-0939DA770279}
	EndGlobalSection
EndGlobal
