
Microsoft Visual Studio Solution File, Format Version 12.00
# Visual Studio 15
VisualStudioVersion = 15.0.27520.0
MinimumVisualStudioVersion = 10.0.40219.1
Project("{FAE04EC0-301F-11D3-BF4B-00C04F79EFBC}") = "DotNetBlazor.Server", "DotNetBlazor\DotNetBlazor.Server\DotNetBlazor.Server.csproj", "{F4FBF768-29CA-4058-ACA3-DC790F5D08A8}"
EndProject
Project("{FAE04EC0-301F-11D3-BF4B-00C04F79EFBC}") = "DotNetBlazor.Client", "DotNetBlazor\DotNetBlazor.Client\DotNetBlazor.Client.csproj", "{B64D0BB9-87AE-4B1A-A8D9-252CAD527FCB}"
EndProject
Project("{FAE04EC0-301F-11D3-BF4B-00C04F79EFBC}") = "DotNetBlazor.Shared", "DotNetBlazor\DotNetBlazor.Shared\DotNetBlazor.Shared.csproj", "{288831E9-D565-4D43-9A00-203E5F21A88E}"
EndProject
Global
	GlobalSection(SolutionConfigurationPlatforms) = preSolution
		Debug|Any CPU = Debug|Any CPU
		Release|Any CPU = Release|Any CPU
	EndGlobalSection
	GlobalSection(ProjectConfigurationPlatforms) = postSolution
		{F4FBF768-29CA-4058-ACA3-DC790F5D08A8}.Debug|Any CPU.ActiveCfg = Debug|Any CPU
		{F4FBF768-29CA-4058-ACA3-DC790F5D08A8}.Debug|Any CPU.Build.0 = Debug|Any CPU
		{F4FBF768-29CA-4058-ACA3-DC790F5D08A8}.Release|Any CPU.ActiveCfg = Release|Any CPU
		{F4FBF768-29CA-4058-ACA3-DC790F5D08A8}.Release|Any CPU.Build.0 = Release|Any CPU
		{B64D0BB9-87AE-4B1A-A8D9-252CAD527FCB}.Debug|Any CPU.ActiveCfg = Debug|Any CPU
		{B64D0BB9-87AE-4B1A-A8D9-252CAD527FCB}.Debug|Any CPU.Build.0 = Debug|Any CPU
		{B64D0BB9-87AE-4B1A-A8D9-252CAD527FCB}.Release|Any CPU.ActiveCfg = Release|Any CPU
		{B64D0BB9-87AE-4B1A-A8D9-252CAD527FCB}.Release|Any CPU.Build.0 = Release|Any CPU
		{288831E9-D565-4D43-9A00-203E5F21A88E}.Debug|Any CPU.ActiveCfg = Debug|Any CPU
		{288831E9-D565-4D43-9A00-203E5F21A88E}.Debug|Any CPU.Build.0 = Debug|Any CPU
		{288831E9-D565-4D43-9A00-203E5F21A88E}.Release|Any CPU.ActiveCfg = Release|Any CPU
		{288831E9-D565-4D43-9A00-203E5F21A88E}.Release|Any CPU.Build.0 = Release|Any CPU
	EndGlobalSection
	GlobalSection(SolutionProperties) = preSolution
		HideSolutionNode = FALSE
	EndGlobalSection
	GlobalSection(ExtensibilityGlobals) = postSolution
		SolutionGuid = {D68E5D2C-32CE-4E92-82DC-87C6B5CBDDA1}
	EndGlobalSection
EndGlobal
